# This file was autogenerated by Stack.
# You should not edit this file by hand.
# For more information, please see the documentation at:
#   https://docs.haskellstack.org/en/stable/lock_files

packages:
- completed:
    size: 16283
    url: https://github.com/Reykudo/telegram-types/archive/e3ed7079f870ea11c40f5847d21301ad848363be.tar.gz
    name: telegram-types
    version: 0.4.1
    sha256: e3edd324124520f4f5df828d47862427528c9dc0ab39463c499593747bb3bd2b
    pantry-tree:
      size: 2318
      sha256: 0ea4978f489de7c37a7a0bd703cb0f4ba90cb0ad563defa7242941387fcf1b5f
  original:
    url: https://github.com/Reykudo/telegram-types/archive/e3ed7079f870ea11c40f5847d21301ad848363be.tar.gz
- completed:
    hackage: env-extra-1.0.0.0@sha256:2b5f58f5756dedf9956c2f5738920b082ab8e08a0b62b902b67f5134cecad00d,1558
    pantry-tree:
      size: 330
      sha256: b87d102a147f4c675b9b22ce62ab3bf0d79a030b416d4281319e8b91dabeb314
  original:
    hackage: env-extra-1.0.0.0@sha256:2b5f58f5756dedf9956c2f5738920b082ab8e08a0b62b902b67f5134cecad00d,1558
- completed:
    hackage: open-union-0.4.0.0@sha256:1c8f8090054b0974e95e44bed88e74fff956ba2120aade6e8deea92d65ef5e49,3503
    pantry-tree:
      size: 329
      sha256: e01838ec41f7aa2a97aa2c3586c8188c4ad093ba0b2be41229ab7b8dbd33869e
  original:
    hackage: open-union-0.4.0.0@sha256:1c8f8090054b0974e95e44bed88e74fff956ba2120aade6e8deea92d65ef5e49,3503
- completed:
    hackage: servant-js-0.9.4.2@sha256:2419d2cba7ff71926293fa11fc50eaed24a77ba34e7c778eab4cfa1f4bc4a748,3385
    pantry-tree:
      size: 961
      sha256: c3c27de2989ed3537567ef531406ccd88c6e715cf85e8da554fca1da78c1104d
  original:
    hackage: servant-js-0.9.4.2@sha256:2419d2cba7ff71926293fa11fc50eaed24a77ba34e7c778eab4cfa1f4bc4a748,3385
- completed:
    hackage: wai-middleware-metrics-0.2.4@sha256:d6b6916acd41aaef4ca59a839d40a3a377f9df784ae49fd4c64926ae916b6ba2,2890
    pantry-tree:
      size: 330
      sha256: 99366b831109417cd8e739fb45e9fd214cb79f28a507f8154e5528120042d0ac
  original:
    hackage: wai-middleware-metrics-0.2.4@sha256:d6b6916acd41aaef4ca59a839d40a3a377f9df784ae49fd4c64926ae916b6ba2,2890
- completed:
    size: 5775
    url: https://github.com/enobayram/type-fun/archive/35bda1ea0176b1a92f8e96e5cd0efa9dbc4d7e7c.tar.gz
    name: type-fun
    version: 0.1.2
    sha256: 3eebb09159b162a668f15ee91909088ec138b7125d5bd2fb672b458b73f89d20
    pantry-tree:
      size: 736
      sha256: 4be2b7a4fdbe6632a4938c8137073c9d66a7ccf8d0ced058373197c335f44018
  original:
    url: https://github.com/enobayram/type-fun/archive/35bda1ea0176b1a92f8e96e5cd0efa9dbc4d7e7c.tar.gz
- completed:
    hackage: persistent-2.12.1.1@sha256:90396838685cb23f1a9ac0fe4e9d3e75ada64c5d6b40bfb1a473860fb3dc15a9,5901
    pantry-tree:
      size: 2908
      sha256: a5a8727ec2cac3c2c43ac9b1894ce8fdbc5b80fe1c8879cfcae8f387adf5224e
  original:
    hackage: persistent-2.12.1.1@sha256:90396838685cb23f1a9ac0fe4e9d3e75ada64c5d6b40bfb1a473860fb3dc15a9,5901
- completed:
    hackage: persistent-postgresql-2.12.1.1@sha256:b14188566d4768074089cbfc139e7f4f78e03bb00e97462d63dc3054af2894d6,3454
    pantry-tree:
      size: 923
      sha256: 75b7eb182bdfe727d02ef5605e63be4b795822fa89762fda4a940ac0782b5423
  original:
    hackage: persistent-postgresql-2.12.1.1@sha256:b14188566d4768074089cbfc139e7f4f78e03bb00e97462d63dc3054af2894d6,3454
- completed:
    hackage: persistent-template-2.12.0.0@sha256:7c68de6624ff83e14b674745e1c895dcf7c8676f6f24be131c89e2e4c2fa4510,1008
    pantry-tree:
      size: 267
      sha256: 6d31d8a3bde912d0c8b28d9d18caa77a5a7add42104d8bb109f7cd298f21a78f
  original:
    hackage: persistent-template-2.12.0.0@sha256:7c68de6624ff83e14b674745e1c895dcf7c8676f6f24be131c89e2e4c2fa4510,1008
- completed:
    hackage: esqueleto-3.4.2.0@sha256:f59c9427ec9e26a4ad45ee7fa5a5f6f88887a842857e76aaf2dcb0e65f7bcd3f,5783
    pantry-tree:
      size: 1542
      sha256: eb200faf324f3f7b8effa8e45b4eb532bd278e99841f55416e3fc7b3452eb7a0
  original:
    hackage: esqueleto-3.4.2.0@sha256:f59c9427ec9e26a4ad45ee7fa5a5f6f88887a842857e76aaf2dcb0e65f7bcd3f,5783
snapshots:
- completed:
    size: 567241
    url: https://raw.githubusercontent.com/commercialhaskell/stackage-snapshots/master/lts/17/10.yaml
    sha256: 321b3b9f0c7f76994b39e0dabafdc76478274b4ff74cc5e43d410897a335ad3b
  original: lts-17.10
