# This file was autogenerated by Stack.
# You should not edit this file by hand.
# For more information, please see the documentation at:
#   https://docs.haskellstack.org/en/stable/lock_files

packages:
- completed:
    hackage: telegram-raw-api-0.3.0@sha256:06498f1f8c8ede71bc8e0656e7f558b8d1dc77edb501dda7bcca4565e496ce20,2717
    pantry-tree:
      size: 1061
      sha256: 104cf60c31334808464a08e00933da3a1d8c323bb73f7696914f47b30fb967d3
  original:
    hackage: telegram-raw-api-0.3.0@sha256:06498f1f8c8ede71bc8e0656e7f558b8d1dc77edb501dda7bcca4565e496ce20,2717
- completed:
    hackage: telegram-types-0.4.1@sha256:81a6db827ee04ac465196e09c39c0c9b9ab1ea92d557ac560a512d89893c110a,3016
    pantry-tree:
      size: 2012
      sha256: f8027e2c7e8276908579d0032e19dc79e87ec470798345b3cb5df6c2cefa9127
  original:
    hackage: telegram-types-0.4.1@sha256:81a6db827ee04ac465196e09c39c0c9b9ab1ea92d557ac560a512d89893c110a,3016
- completed:
    hackage: aeson-1.4.7.1@sha256:6d8d2fd959b7122a1df9389cf4eca30420a053d67289f92cdc0dbc0dab3530ba,7098
    pantry-tree:
      size: 40133
      sha256: caa9306e519c601ab0170d113daa03c1163db53e5466be2968bbd61a771bebcb
  original:
    hackage: aeson-1.4.7.1@sha256:6d8d2fd959b7122a1df9389cf4eca30420a053d67289f92cdc0dbc0dab3530ba,7098
- completed:
    hackage: generic-lens-1.2.0.1@sha256:faecffd513340cd570866aa8f3e0e139d3f9240ecd3eb766357cdf47f550004c,6550
    pantry-tree:
      size: 4315
      sha256: ea2099153bc65265915f206f08d25eed0d21270412505ea6470665df74b7f5ec
  original:
    hackage: generic-lens-1.2.0.1@sha256:faecffd513340cd570866aa8f3e0e139d3f9240ecd3eb766357cdf47f550004c,6550
- completed:
    hackage: lens-4.18.1@sha256:c3fc35707ea1034ade56889a658e34dce944b128765d2215075d5787cb4064a0,15981
    pantry-tree:
      size: 8253
      sha256: 00b0c6c8956dd3d4524c0d9ca88707f72ce52e1d5c50ef6d27456b50b8fff554
  original:
    hackage: lens-4.18.1@sha256:c3fc35707ea1034ade56889a658e34dce944b128765d2215075d5787cb4064a0,15981
- completed:
    hackage: open-union-0.4.0.0@sha256:1c8f8090054b0974e95e44bed88e74fff956ba2120aade6e8deea92d65ef5e49,3503
    pantry-tree:
      size: 329
      sha256: e01838ec41f7aa2a97aa2c3586c8188c4ad093ba0b2be41229ab7b8dbd33869e
  original:
    hackage: open-union-0.4.0.0@sha256:1c8f8090054b0974e95e44bed88e74fff956ba2120aade6e8deea92d65ef5e49,3503
- completed:
    hackage: servant-0.16.2@sha256:6c5d19d09a9dd2f2b2bf99193f944491f8374802678b79ec729e3f3ae51e216d,5867
    pantry-tree:
      size: 2604
      sha256: bee4504840cf4836326e85f1cf02584bf898188b64d976dac6c6c6793d926794
  original:
    hackage: servant-0.16.2@sha256:6c5d19d09a9dd2f2b2bf99193f944491f8374802678b79ec729e3f3ae51e216d,5867
- completed:
    hackage: servant-client-0.16.0.1@sha256:f970ad4e927530b77f52b99a175c85cfdcd1ef988083d56a1f68c6a3dafe8d51,4376
    pantry-tree:
      size: 804
      sha256: 3690a9c4dbdf8a502648c8c29029b1a0c78e53fd84db90ed388f7abbf5518c25
  original:
    hackage: servant-client-0.16.0.1@sha256:f970ad4e927530b77f52b99a175c85cfdcd1ef988083d56a1f68c6a3dafe8d51,4376
- completed:
    hackage: servant-multipart-0.11.6@sha256:1863862e507dd6f672b4c9d2c6d87d4faec19686ced3d828d712ada07536cddb,2655
    pantry-tree:
      size: 386
      sha256: 3d45dc52822a30de2ee524358bf91ad77c041c4385ab75d636effa17e02e351e
  original:
    hackage: servant-multipart-0.11.6@sha256:1863862e507dd6f672b4c9d2c6d87d4faec19686ced3d828d712ada07536cddb,2655
- completed:
    hackage: deriving-aeson-0.2.6.1@sha256:bd7930b334afab3eb53dcdd5e1e820ec878917a8215d6f80be05bc485df8e0be,1279
    pantry-tree:
      size: 441
      sha256: 02e0991b6baf47010f1e693b77e29bfead64537a6b3aec890ebee066aa76ab12
  original:
    hackage: deriving-aeson-0.2.6.1@sha256:bd7930b334afab3eb53dcdd5e1e820ec878917a8215d6f80be05bc485df8e0be,1279
snapshots:
- completed:
    size: 491389
    url: https://raw.githubusercontent.com/commercialhaskell/stackage-snapshots/master/lts/15/7.yaml
    sha256: 92ab6303fe20ec928461c82ce0980b4d17c06f4e66205a2967e476474f686c17
  original: lts-15.7
