# This file was autogenerated by Stack.
# You should not edit this file by hand.
# For more information, please see the documentation at:
#   https://docs.haskellstack.org/en/stable/lock_files

packages:
- completed:
    hackage: aeson-1.4.7.1@sha256:6d8d2fd959b7122a1df9389cf4eca30420a053d67289f92cdc0dbc0dab3530ba,7098
    pantry-tree:
      size: 40133
      sha256: caa9306e519c601ab0170d113daa03c1163db53e5466be2968bbd61a771bebcb
  original:
    hackage: aeson-1.4.7.1@sha256:6d8d2fd959b7122a1df9389cf4eca30420a053d67289f92cdc0dbc0dab3530ba,7098
- completed:
    hackage: generic-lens-1.2.0.1@sha256:faecffd513340cd570866aa8f3e0e139d3f9240ecd3eb766357cdf47f550004c,6550
    pantry-tree:
      size: 4315
      sha256: ea2099153bc65265915f206f08d25eed0d21270412505ea6470665df74b7f5ec
  original:
    hackage: generic-lens-1.2.0.1@sha256:faecffd513340cd570866aa8f3e0e139d3f9240ecd3eb766357cdf47f550004c,6550
- completed:
    hackage: lens-4.18.1@sha256:c3fc35707ea1034ade56889a658e34dce944b128765d2215075d5787cb4064a0,15981
    pantry-tree:
      size: 8253
      sha256: 00b0c6c8956dd3d4524c0d9ca88707f72ce52e1d5c50ef6d27456b50b8fff554
  original:
    hackage: lens-4.18.1@sha256:c3fc35707ea1034ade56889a658e34dce944b128765d2215075d5787cb4064a0,15981
- completed:
    hackage: open-union-0.4.0.0@sha256:1c8f8090054b0974e95e44bed88e74fff956ba2120aade6e8deea92d65ef5e49,3503
    pantry-tree:
      size: 329
      sha256: e01838ec41f7aa2a97aa2c3586c8188c4ad093ba0b2be41229ab7b8dbd33869e
  original:
    hackage: open-union-0.4.0.0@sha256:1c8f8090054b0974e95e44bed88e74fff956ba2120aade6e8deea92d65ef5e49,3503
- completed:
    hackage: servant-0.16.2@sha256:6c5d19d09a9dd2f2b2bf99193f944491f8374802678b79ec729e3f3ae51e216d,5867
    pantry-tree:
      size: 2604
      sha256: bee4504840cf4836326e85f1cf02584bf898188b64d976dac6c6c6793d926794
  original:
    hackage: servant-0.16.2@sha256:6c5d19d09a9dd2f2b2bf99193f944491f8374802678b79ec729e3f3ae51e216d,5867
- completed:
    hackage: servant-client-0.16.0.1@sha256:f970ad4e927530b77f52b99a175c85cfdcd1ef988083d56a1f68c6a3dafe8d51,4376
    pantry-tree:
      size: 804
      sha256: 3690a9c4dbdf8a502648c8c29029b1a0c78e53fd84db90ed388f7abbf5518c25
  original:
    hackage: servant-client-0.16.0.1@sha256:f970ad4e927530b77f52b99a175c85cfdcd1ef988083d56a1f68c6a3dafe8d51,4376
- completed:
    hackage: servant-multipart-0.11.6@sha256:1863862e507dd6f672b4c9d2c6d87d4faec19686ced3d828d712ada07536cddb,2655
    pantry-tree:
      size: 386
      sha256: 3d45dc52822a30de2ee524358bf91ad77c041c4385ab75d636effa17e02e351e
  original:
    hackage: servant-multipart-0.11.6@sha256:1863862e507dd6f672b4c9d2c6d87d4faec19686ced3d828d712ada07536cddb,2655
- completed:
    hackage: deriving-aeson-0.2.6.1@sha256:bd7930b334afab3eb53dcdd5e1e820ec878917a8215d6f80be05bc485df8e0be,1279
    pantry-tree:
      size: 441
      sha256: 02e0991b6baf47010f1e693b77e29bfead64537a6b3aec890ebee066aa76ab12
  original:
    hackage: deriving-aeson-0.2.6.1@sha256:bd7930b334afab3eb53dcdd5e1e820ec878917a8215d6f80be05bc485df8e0be,1279
- completed:
    hackage: env-extra-1.0.0.0@sha256:2b5f58f5756dedf9956c2f5738920b082ab8e08a0b62b902b67f5134cecad00d,1558
    pantry-tree:
      size: 330
      sha256: b87d102a147f4c675b9b22ce62ab3bf0d79a030b416d4281319e8b91dabeb314
  original:
    hackage: env-extra-1.0.0.0@sha256:2b5f58f5756dedf9956c2f5738920b082ab8e08a0b62b902b67f5134cecad00d,1558
- completed:
    hackage: ekg-0.4.0.15@sha256:d6e48859a89fbbe23496f871581e44a41f97dac627c2b9db81f49b92fa066516,2031
    pantry-tree:
      size: 1495
      sha256: e56e9c0eadc309a27400af106a2d3133d70ad0a3bbbb9be2c54e837ccdb4a77d
  original:
    hackage: ekg-0.4.0.15@sha256:d6e48859a89fbbe23496f871581e44a41f97dac627c2b9db81f49b92fa066516,2031
- completed:
    hackage: ekg-core-0.1.1.7@sha256:c4356aefea0e1e2f80a236d3b3f81b83b445c1e53519302e96477da0adee2e9f,2039
    pantry-tree:
      size: 1073
      sha256: f403baeb7787c69c5e28f5aa1e94f78d4363beb19362d66f18de4a1aef0723fe
  original:
    hackage: ekg-core-0.1.1.7@sha256:c4356aefea0e1e2f80a236d3b3f81b83b445c1e53519302e96477da0adee2e9f,2039
- completed:
    hackage: monad-metrics-0.2.2.0@sha256:6c4d51d5d237c4085cea56625c3d364f39f6bf54d43b9dfa93e9cf3890e6a511,1914
    pantry-tree:
      size: 457
      sha256: d873e6c5cc136dbcf9baa5b4f5e789e79e643f62a6dde28bedfe6f415a2e293d
  original:
    hackage: monad-metrics-0.2.2.0@sha256:6c4d51d5d237c4085cea56625c3d364f39f6bf54d43b9dfa93e9cf3890e6a511,1914
- completed:
    hackage: wai-middleware-metrics-0.2.4@sha256:d6b6916acd41aaef4ca59a839d40a3a377f9df784ae49fd4c64926ae916b6ba2,2890
    pantry-tree:
      size: 330
      sha256: 99366b831109417cd8e739fb45e9fd214cb79f28a507f8154e5528120042d0ac
  original:
    hackage: wai-middleware-metrics-0.2.4@sha256:d6b6916acd41aaef4ca59a839d40a3a377f9df784ae49fd4c64926ae916b6ba2,2890
- completed:
    hackage: ekg-json-0.1.0.6@sha256:e16efc1b09ae7635db3f0535335ee3e8aa666fe4bf3749783f4022020f6ca3b8,1050
    pantry-tree:
      size: 265
      sha256: 09239a4e3ab0d58be0ac360d41c491df017f4a18ba558fd67909e24f14caece7
  original:
    hackage: ekg-json-0.1.0.6@sha256:e16efc1b09ae7635db3f0535335ee3e8aa666fe4bf3749783f4022020f6ca3b8,1050
- completed:
    size: 16204
    url: https://github.com/Reykudo/telegram-types/archive/32030d2220e9c4c4e955ed50046bbc8331b9767e.tar.gz
    name: telegram-types
    version: 0.4.1
    sha256: 7051864ef38ad8babf97d3334a527ca3488b839f62ebe4b5cc179d9bea34199b
    pantry-tree:
      size: 2318
      sha256: b7517c34741b3cacf059daa0a65da20542bb12bdf1e31743e1c8b99957942a97
  original:
    url: https://github.com/Reykudo/telegram-types/archive/32030d2220e9c4c4e955ed50046bbc8331b9767e.tar.gz
snapshots:
- completed:
    size: 491389
    url: https://raw.githubusercontent.com/commercialhaskell/stackage-snapshots/master/lts/15/7.yaml
    sha256: 92ab6303fe20ec928461c82ce0980b4d17c06f4e66205a2967e476474f686c17
  original: lts-15.7
